
Microsoft Visual Studio Solution File, Format Version 12.00
# Visual Studio Version 16
VisualStudioVersion = 16.0.29215.179
MinimumVisualStudioVersion = 10.0.40219.1
Project("{FAE04EC0-301F-11D3-BF4B-00C04F79EFBC}") = "OdeToFood.Web", "OdeToFood.Web\OdeToFood.Web.csproj", "{3F751960-4D5D-4F02-9200-B89368C8265F}"
EndProject
Project("{FAE04EC0-301F-11D3-BF4B-00C04F79EFBC}") = "OdeToFood.Data", "OdeToFood.Data\OdeToFood.Data.csproj", "{D5BF2E0B-783E-4CD2-8708-31A1C88075D8}"
EndProject
Global
	GlobalSection(SolutionConfigurationPlatforms) = preSolution
		Debug|Any CPU = Debug|Any CPU
		Release|Any CPU = Release|Any CPU
	EndGlobalSection
	GlobalSection(ProjectConfigurationPlatforms) = postSolution
		{3F751960-4D5D-4F02-9200-B89368C8265F}.Debug|Any CPU.ActiveCfg = Debug|Any CPU
		{3F751960-4D5D-4F02-9200-B89368C8265F}.Debug|Any CPU.Build.0 = Debug|Any CPU
		{3F751960-4D5D-4F02-9200-B89368C8265F}.Release|Any CPU.ActiveCfg = Release|Any CPU
		{3F751960-4D5D-4F02-9200-B89368C8265F}.Release|Any CPU.Build.0 = Release|Any CPU
		{D5BF2E0B-783E-4CD2-8708-31A1C88075D8}.Debug|Any CPU.ActiveCfg = Debug|Any CPU
		{D5BF2E0B-783E-4CD2-8708-31A1C88075D8}.Debug|Any CPU.Build.0 = Debug|Any CPU
		{D5BF2E0B-783E-4CD2-8708-31A1C88075D8}.Release|Any CPU.ActiveCfg = Release|Any CPU
		{D5BF2E0B-783E-4CD2-8708-31A1C88075D8}.Release|Any CPU.Build.0 = Release|Any CPU
	EndGlobalSection
	GlobalSection(SolutionProperties) = preSolution
		HideSolutionNode = FALSE
	EndGlobalSection
	GlobalSection(ExtensibilityGlobals) = postSolution
		SolutionGuid = {CDCA73A2-5EED-4779-9855-68E411D24614}
	EndGlobalSection
EndGlobal
